
Microsoft Visual Studio Solution File, Format Version 12.00
# Visual Studio Version 17
VisualStudioVersion = 17.5.002.0
MinimumVisualStudioVersion = 10.0.40219.1
Project("{9A19103F-16F7-4668-BE54-9A1E7A4F7556}") = "pedrapapeltesooura", "pedrapapeltesooura.csproj", "{9A98D986-C91D-4DF0-93D4-3C0F973F18DB}"
EndProject
Global
	GlobalSection(SolutionConfigurationPlatforms) = preSolution
		Debug|Any CPU = Debug|Any CPU
		Release|Any CPU = Release|Any CPU
	EndGlobalSection
	GlobalSection(ProjectConfigurationPlatforms) = postSolution
		{9A98D986-C91D-4DF0-93D4-3C0F973F18DB}.Debug|Any CPU.ActiveCfg = Debug|Any CPU
		{9A98D986-C91D-4DF0-93D4-3C0F973F18DB}.Debug|Any CPU.Build.0 = Debug|Any CPU
		{9A98D986-C91D-4DF0-93D4-3C0F973F18DB}.Release|Any CPU.ActiveCfg = Release|Any CPU
		{9A98D986-C91D-4DF0-93D4-3C0F973F18DB}.Release|Any CPU.Build.0 = Release|Any CPU
	EndGlobalSection
	GlobalSection(SolutionProperties) = preSolution
		HideSolutionNode = FALSE
	EndGlobalSection
	GlobalSection(ExtensibilityGlobals) = postSolution
		SolutionGuid = {F92D36EF-502F-4F57-A1B8-CF9E3220F247}
	EndGlobalSection
EndGlobal
