
Microsoft Visual Studio Solution File, Format Version 12.00
# Visual Studio Version 17
VisualStudioVersion = 17.5.002.0
MinimumVisualStudioVersion = 10.0.40219.1
Project("{9A19103F-16F7-4668-BE54-9A1E7A4F7556}") = "geradordesenhas", "geradordesenhas.csproj", "{CC977E05-6709-4568-A4DC-B5A387499284}"
EndProject
Global
	GlobalSection(SolutionConfigurationPlatforms) = preSolution
		Debug|Any CPU = Debug|Any CPU
		Release|Any CPU = Release|Any CPU
	EndGlobalSection
	GlobalSection(ProjectConfigurationPlatforms) = postSolution
		{CC977E05-6709-4568-A4DC-B5A387499284}.Debug|Any CPU.ActiveCfg = Debug|Any CPU
		{CC977E05-6709-4568-A4DC-B5A387499284}.Debug|Any CPU.Build.0 = Debug|Any CPU
		{CC977E05-6709-4568-A4DC-B5A387499284}.Release|Any CPU.ActiveCfg = Release|Any CPU
		{CC977E05-6709-4568-A4DC-B5A387499284}.Release|Any CPU.Build.0 = Release|Any CPU
	EndGlobalSection
	GlobalSection(SolutionProperties) = preSolution
		HideSolutionNode = FALSE
	EndGlobalSection
	GlobalSection(ExtensibilityGlobals) = postSolution
		SolutionGuid = {189B152E-54F4-4591-AE36-E9BEADC9CA93}
	EndGlobalSection
EndGlobal
